
Microsoft Visual Studio Solution File, Format Version 12.00
# Visual Studio Version 16
VisualStudioVersion = 16.0.30717.126
MinimumVisualStudioVersion = 10.0.40219.1
Project("{9A19103F-16F7-4668-BE54-9A1E7A4F7556}") = "COMP313003_202101_Project", "COMP313003_202101_Project\COMP313003_202101_Project.csproj", "{0DF6B881-FB99-49B3-9D26-131485E484E6}"
EndProject
Global
	GlobalSection(SolutionConfigurationPlatforms) = preSolution
		Debug|Any CPU = Debug|Any CPU
		Release|Any CPU = Release|Any CPU
	EndGlobalSection
	GlobalSection(ProjectConfigurationPlatforms) = postSolution
		{0DF6B881-FB99-49B3-9D26-131485E484E6}.Debug|Any CPU.ActiveCfg = Debug|Any CPU
		{0DF6B881-FB99-49B3-9D26-131485E484E6}.Debug|Any CPU.Build.0 = Debug|Any CPU
		{0DF6B881-FB99-49B3-9D26-131485E484E6}.Release|Any CPU.ActiveCfg = Release|Any CPU
		{0DF6B881-FB99-49B3-9D26-131485E484E6}.Release|Any CPU.Build.0 = Release|Any CPU
	EndGlobalSection
	GlobalSection(SolutionProperties) = preSolution
		HideSolutionNode = FALSE
	EndGlobalSection
	GlobalSection(ExtensibilityGlobals) = postSolution
		SolutionGuid = {BC4BFDF3-0FC5-4946-ACD0-A62F79858BD1}
	EndGlobalSection
EndGlobal
